<?xml version="1.0" encoding="utf-8"?>
<Project ToolsVersion="4.0" xmlns="http://schemas.microsoft.com/developer/msbuild/2003">
  <ItemGroup>
    <Filter Include="Source Files">
      <UniqueIdentifier>{DA04A9BD-76B9-4BD6-8618-37A828864657}</UniqueIdentifier>
      <Extensions>cpp;c;cc;cxx;def;odl;idl;hpj;bat;asm;asmx</Extensions>
    </Filter>
    <Filter Include="Header Files">
      <UniqueIdentifier>{92CBC0F7-D13F-43BA-871A-F32D1C239B21}</UniqueIdentifier>
      <Extensions>h;hh;hpp;hxx;hm;inl;inc;xsd</Extensions>
    </Filter>
    <Filter Include="getopt">
      <UniqueIdentifier>{FDB60628-BBAC-4F0F-A956-E28868FE223C}</UniqueIdentifier>
    </Filter>
    <Filter Include="os_win32">
      <UniqueIdentifier>{FA264886-A867-47AC-832B-57B4E4FDB312}</UniqueIdentifier>
    </Filter>
    <Filter Include="regex">
      <UniqueIdentifier>{26178E6F-0314-48F4-BC3A-510549005A95}</UniqueIdentifier>
    </Filter>
  </ItemGroup>
  <ItemGroup>
    <ClCompile Include="atacmdnames.cpp">
      <Filter>Source Files</Filter>
    </ClCompile>
    <ClCompile Include="atacmds.cpp">
      <Filter>Source Files</Filter>
    </ClCompile>
    <ClCompile Include="dev_areca.cpp">
      <Filter>Source Files</Filter>
    </ClCompile>
    <ClCompile Include="dev_ata_cmd_set.cpp">
      <Filter>Source Files</Filter>
    </ClCompile>
    <ClCompile Include="dev_interface.cpp">
      <Filter>Source Files</Filter>
    </ClCompile>
    <ClCompile Include="knowndrives.cpp">
      <Filter>Source Files</Filter>
    </ClCompile>
    <ClCompile Include="os_win32.cpp">
      <Filter>Source Files</Filter>
    </ClCompile>
    <ClCompile Include="scsiata.cpp">
      <Filter>Source Files</Filter>
    </ClCompile>
    <ClCompile Include="scsicmds.cpp">
      <Filter>Source Files</Filter>
    </ClCompile>
    <ClCompile Include="utility.cpp">
      <Filter>Source Files</Filter>
    </ClCompile>
    <ClCompile Include="getopt\getopt.c">
      <Filter>getopt</Filter>
    </ClCompile>
    <ClCompile Include="getopt\getopt1.c">
      <Filter>getopt</Filter>
    </ClCompile>
    <ClCompile Include="os_win32\wmiquery.cpp">
      <Filter>os_win32</Filter>
    </ClCompile>
    <ClCompile Include="regex\regexec.c">
      <Filter>regex</Filter>
    </ClCompile>
    <ClCompile Include="regex\regex_internal.c">
      <Filter>regex</Filter>
    </ClCompile>
    <ClCompile Include="regex\regex.c">
      <Filter>regex</Filter>
    </ClCompile>
    <ClCompile Include="regex\regcomp.c">
      <Filter>regex</Filter>
    </ClCompile>
  </ItemGroup>
  <ItemGroup>
    <ClInclude Include="atacmdnames.h">
      <Filter>Header Files</Filter>
    </ClInclude>
    <ClInclude Include="atacmds.h">
      <Filter>Header Files</Filter>
    </ClInclude>
    <ClInclude Include="config.h">
      <Filter>Header Files</Filter>
    </ClInclude>
    <ClInclude Include="csmisas.h">
      <Filter>Header Files</Filter>
    </ClInclude>
    <ClInclude Include="dev_areca.h">
      <Filter>Header Files</Filter>
    </ClInclude>
    <ClInclude Include="dev_ata_cmd_set.h">
      <Filter>Header Files</Filter>
    </ClInclude>
    <ClInclude Include="dev_interface.h">
      <Filter>Header Files</Filter>
    </ClInclude>
    <ClInclude Include="dev_tunnelled.h">
      <Filter>Header Files</Filter>
    </ClInclude>
    <ClInclude Include="drivedb.h">
      <Filter>Header Files</Filter>
    </ClInclude>
    <ClInclude Include="int64.h">
      <Filter>Header Files</Filter>
    </ClInclude>
    <ClInclude Include="knowndrives.h">
      <Filter>Header Files</Filter>
    </ClInclude>
    <ClInclude Include="scsicmds.h">
      <Filter>Header Files</Filter>
    </ClInclude>
    <ClInclude Include="utility.h">
      <Filter>Header Files</Filter>
    </ClInclude>
    <ClInclude Include="getopt\getopt.h">
      <Filter>getopt</Filter>
    </ClInclude>
    <ClInclude Include="os_win32\wbemcli_small.h">
      <Filter>os_win32</Filter>
    </ClInclude>
    <ClInclude Include="os_win32\wmiquery.h">
      <Filter>os_win32</Filter>
    </ClInclude>
    <ClInclude Include="regex\regex.h">
      <Filter>regex</Filter>
    </ClInclude>
    <ClInclude Include="regex\regex_internal.h">
      <Filter>regex</Filter>
    </ClInclude>
    <ClInclude Include="svnversion.h">
      <Filter>Header Files</Filter>
    </ClInclude>
  </ItemGroup>
</Project>